
Microsoft Visual Studio Solution File, Format Version 12.00
# Visual Studio Version 17
VisualStudioVersion = 17.10.35004.147
MinimumVisualStudioVersion = 10.0.40219.1
Project("{9A19103F-16F7-4668-BE54-9A1E7A4F7556}") = "Server", "Server\Server.csproj", "{C3D89A37-D258-44E6-B699-24375E2A8D45}"
EndProject
Project("{FAE04EC0-301F-11D3-BF4B-00C04F79EFBC}") = "Client", "Client\Client.csproj", "{E17E09DF-922B-4C7D-8283-28AF4EA55655}"
EndProject
Project("{FAE04EC0-301F-11D3-BF4B-00C04F79EFBC}") = "Server.Tests", "Server.Tests\Server.Tests.csproj", "{C75060D1-B0B5-4E7F-94AE-10BE9F9D96B7}"
EndProject
Global
	GlobalSection(SolutionConfigurationPlatforms) = preSolution
		Debug|Any CPU = Debug|Any CPU
		Release|Any CPU = Release|Any CPU
	EndGlobalSection
	GlobalSection(ProjectConfigurationPlatforms) = postSolution
		{C3D89A37-D258-44E6-B699-24375E2A8D45}.Debug|Any CPU.ActiveCfg = Debug|Any CPU
		{C3D89A37-D258-44E6-B699-24375E2A8D45}.Debug|Any CPU.Build.0 = Debug|Any CPU
		{C3D89A37-D258-44E6-B699-24375E2A8D45}.Release|Any CPU.ActiveCfg = Release|Any CPU
		{C3D89A37-D258-44E6-B699-24375E2A8D45}.Release|Any CPU.Build.0 = Release|Any CPU
		{E17E09DF-922B-4C7D-8283-28AF4EA55655}.Debug|Any CPU.ActiveCfg = Debug|Any CPU
		{E17E09DF-922B-4C7D-8283-28AF4EA55655}.Debug|Any CPU.Build.0 = Debug|Any CPU
		{E17E09DF-922B-4C7D-8283-28AF4EA55655}.Release|Any CPU.ActiveCfg = Release|Any CPU
		{E17E09DF-922B-4C7D-8283-28AF4EA55655}.Release|Any CPU.Build.0 = Release|Any CPU
		{C75060D1-B0B5-4E7F-94AE-10BE9F9D96B7}.Debug|Any CPU.ActiveCfg = Debug|Any CPU
		{C75060D1-B0B5-4E7F-94AE-10BE9F9D96B7}.Debug|Any CPU.Build.0 = Debug|Any CPU
		{C75060D1-B0B5-4E7F-94AE-10BE9F9D96B7}.Release|Any CPU.ActiveCfg = Release|Any CPU
		{C75060D1-B0B5-4E7F-94AE-10BE9F9D96B7}.Release|Any CPU.Build.0 = Release|Any CPU
	EndGlobalSection
	GlobalSection(SolutionProperties) = preSolution
		HideSolutionNode = FALSE
	EndGlobalSection
	GlobalSection(ExtensibilityGlobals) = postSolution
		SolutionGuid = {18970723-FEB5-435C-8E2A-AB9DAEB61C14}
	EndGlobalSection
EndGlobal
